// !$*UTF8*$!
{
	archiveVersion = 1;
	classes = {
	};
	objectVersion = 56;
	objects = {

/* Begin PBXBuildFile section */
		D308B7C22BA0DD4C0049C758 /* AppDelegate.swift in Sources */ = {isa = PBXBuildFile; fileRef = D308B7C12BA0DD4C0049C758 /* AppDelegate.swift */; };
		D308B7C62BA0DD4C0049C758 /* HomeViewController.swift in Sources */ = {isa = PBXBuildFile; fileRef = D308B7C52BA0DD4C0049C758 /* HomeViewController.swift */; };
		D308B7CB2BA0DD4D0049C758 /* Assets.xcassets in Resources */ = {isa = PBXBuildFile; fileRef = D308B7CA2BA0DD4D0049C758 /* Assets.xcassets */; };
		D308B7CE2BA0DD4D0049C758 /* LaunchScreen.storyboard in Resources */ = {isa = PBXBuildFile; fileRef = D308B7CC2BA0DD4D0049C758 /* LaunchScreen.storyboard */; };
		D32A70E32BA2079B00B4ECC9 /* String+Ex.swift in Sources */ = {isa = PBXBuildFile; fileRef = D32A70E22BA2079B00B4ECC9 /* String+Ex.swift */; };
		D32A70E92BA2084100B4ECC9 /* Localizable.strings in Resources */ = {isa = PBXBuildFile; fileRef = D32A70EB2BA2084100B4ECC9 /* Localizable.strings */; };
		D32A70EE2BA2104000B4ECC9 /* SelectVerbsViewController.swift in Sources */ = {isa = PBXBuildFile; fileRef = D32A70ED2BA2104000B4ECC9 /* SelectVerbsViewController.swift */; };
		D32A70F02BA2106700B4ECC9 /* TrainViewController.swift in Sources */ = {isa = PBXBuildFile; fileRef = D32A70EF2BA2106700B4ECC9 /* TrainViewController.swift */; };
		D32A70F52BA214D000B4ECC9 /* SnapKit in Frameworks */ = {isa = PBXBuildFile; productRef = D32A70F42BA214D000B4ECC9 /* SnapKit */; };
		D32A70F72BA214D000B4ECC9 /* SnapKit-Dynamic in Frameworks */ = {isa = PBXBuildFile; productRef = D32A70F62BA214D000B4ECC9 /* SnapKit-Dynamic */; };
/* End PBXBuildFile section */

/* Begin PBXFileReference section */
		D308B7BE2BA0DD4C0049C758 /* Varregular.app */ = {isa = PBXFileReference; explicitFileType = wrapper.application; includeInIndex = 0; path = Varregular.app; sourceTree = BUILT_PRODUCTS_DIR; };
		D308B7C12BA0DD4C0049C758 /* AppDelegate.swift */ = {isa = PBXFileReference; lastKnownFileType = sourcecode.swift; path = AppDelegate.swift; sourceTree = "<group>"; };
		D308B7C52BA0DD4C0049C758 /* HomeViewController.swift */ = {isa = PBXFileReference; lastKnownFileType = sourcecode.swift; path = HomeViewController.swift; sourceTree = "<group>"; };
		D308B7CA2BA0DD4D0049C758 /* Assets.xcassets */ = {isa = PBXFileReference; lastKnownFileType = folder.assetcatalog; path = Assets.xcassets; sourceTree = "<group>"; };
		D308B7CD2BA0DD4D0049C758 /* Base */ = {isa = PBXFileReference; lastKnownFileType = file.storyboard; name = Base; path = Base.lproj/LaunchScreen.storyboard; sourceTree = "<group>"; };
		D308B7CF2BA0DD4D0049C758 /* Info.plist */ = {isa = PBXFileReference; lastKnownFileType = text.plist.xml; path = Info.plist; sourceTree = "<group>"; };
		D32A70E22BA2079B00B4ECC9 /* String+Ex.swift */ = {isa = PBXFileReference; lastKnownFileType = sourcecode.swift; path = "String+Ex.swift"; sourceTree = "<group>"; };
		D32A70EA2BA2084100B4ECC9 /* en */ = {isa = PBXFileReference; lastKnownFileType = text.plist.strings; name = en; path = en.lproj/Localizable.strings; sourceTree = "<group>"; };
		D32A70EC2BA2087900B4ECC9 /* ru */ = {isa = PBXFileReference; lastKnownFileType = text.plist.strings; name = ru; path = ru.lproj/Localizable.strings; sourceTree = "<group>"; };
		D32A70ED2BA2104000B4ECC9 /* SelectVerbsViewController.swift */ = {isa = PBXFileReference; lastKnownFileType = sourcecode.swift; path = SelectVerbsViewController.swift; sourceTree = "<group>"; };
		D32A70EF2BA2106700B4ECC9 /* TrainViewController.swift */ = {isa = PBXFileReference; lastKnownFileType = sourcecode.swift; path = TrainViewController.swift; sourceTree = "<group>"; };
/* End PBXFileReference section */

/* Begin PBXFrameworksBuildPhase section */
		D308B7BB2BA0DD4C0049C758 /* Frameworks */ = {
			isa = PBXFrameworksBuildPhase;
			buildActionMask = 2147483647;
			files = (
				D32A70F52BA214D000B4ECC9 /* SnapKit in Frameworks */,
				D32A70F72BA214D000B4ECC9 /* SnapKit-Dynamic in Frameworks */,
			);
			runOnlyForDeploymentPostprocessing = 0;
		};
/* End PBXFrameworksBuildPhase section */

/* Begin PBXGroup section */
		D308B7B52BA0DD4C0049C758 = {
			isa = PBXGroup;
			children = (
				D308B7C02BA0DD4C0049C758 /* Varregular */,
				D308B7BF2BA0DD4C0049C758 /* Products */,
			);
			sourceTree = "<group>";
		};
		D308B7BF2BA0DD4C0049C758 /* Products */ = {
			isa = PBXGroup;
			children = (
				D308B7BE2BA0DD4C0049C758 /* Varregular.app */,
			);
			name = Products;
			sourceTree = "<group>";
		};
		D308B7C02BA0DD4C0049C758 /* Varregular */ = {
			isa = PBXGroup;
			children = (
				D308B7C12BA0DD4C0049C758 /* AppDelegate.swift */,
				D32A70E62BA207D200B4ECC9 /* Home */,
				D32A70F22BA2109400B4ECC9 /* Train */,
				D32A70F12BA2108A00B4ECC9 /* Select */,
				D32A70E42BA207A600B4ECC9 /* Extensions */,
				D308B7CA2BA0DD4D0049C758 /* Assets.xcassets */,
				D32A70EB2BA2084100B4ECC9 /* Localizable.strings */,
				D308B7CC2BA0DD4D0049C758 /* LaunchScreen.storyboard */,
				D308B7CF2BA0DD4D0049C758 /* Info.plist */,
			);
			path = Varregular;
			sourceTree = "<group>";
		};
		D32A70E42BA207A600B4ECC9 /* Extensions */ = {
			isa = PBXGroup;
			children = (
				D32A70E22BA2079B00B4ECC9 /* String+Ex.swift */,
			);
			path = Extensions;
			sourceTree = "<group>";
		};
		D32A70E52BA207B500B4ECC9 /* Controller */ = {
			isa = PBXGroup;
			children = (
				D308B7C52BA0DD4C0049C758 /* HomeViewController.swift */,
			);
			path = Controller;
			sourceTree = "<group>";
		};
		D32A70E62BA207D200B4ECC9 /* Home */ = {
			isa = PBXGroup;
			children = (
				D32A70E52BA207B500B4ECC9 /* Controller */,
			);
			path = Home;
			sourceTree = "<group>";
		};
		D32A70F12BA2108A00B4ECC9 /* Select */ = {
			isa = PBXGroup;
			children = (
				D32A70ED2BA2104000B4ECC9 /* SelectVerbsViewController.swift */,
			);
			path = Select;
			sourceTree = "<group>";
		};
		D32A70F22BA2109400B4ECC9 /* Train */ = {
			isa = PBXGroup;
			children = (
				D32A70EF2BA2106700B4ECC9 /* TrainViewController.swift */,
			);
			path = Train;
			sourceTree = "<group>";
		};
/* End PBXGroup section */

/* Begin PBXNativeTarget section */
		D308B7BD2BA0DD4C0049C758 /* Varregular */ = {
			isa = PBXNativeTarget;
			buildConfigurationList = D308B7D22BA0DD4D0049C758 /* Build configuration list for PBXNativeTarget "Varregular" */;
			buildPhases = (
				D308B7BA2BA0DD4C0049C758 /* Sources */,
				D308B7BB2BA0DD4C0049C758 /* Frameworks */,
				D308B7BC2BA0DD4C0049C758 /* Resources */,
			);
			buildRules = (
			);
			dependencies = (
			);
			name = Varregular;
			packageProductDependencies = (
				D32A70F42BA214D000B4ECC9 /* SnapKit */,
				D32A70F62BA214D000B4ECC9 /* SnapKit-Dynamic */,
			);
			productName = Varregular;
			productReference = D308B7BE2BA0DD4C0049C758 /* Varregular.app */;
			productType = "com.apple.product-type.application";
		};
/* End PBXNativeTarget section */

/* Begin PBXProject section */
		D308B7B62BA0DD4C0049C758 /* Project object */ = {
			isa = PBXProject;
			attributes = {
				BuildIndependentTargetsInParallel = 1;
				LastSwiftUpdateCheck = 1510;
				LastUpgradeCheck = 1510;
				TargetAttributes = {
					D308B7BD2BA0DD4C0049C758 = {
						CreatedOnToolsVersion = 15.1;
					};
				};
			};
			buildConfigurationList = D308B7B92BA0DD4C0049C758 /* Build configuration list for PBXProject "Varregular" */;
			compatibilityVersion = "Xcode 14.0";
			developmentRegion = en;
			hasScannedForEncodings = 0;
			knownRegions = (
				en,
				Base,
				ru,
			);
			mainGroup = D308B7B52BA0DD4C0049C758;
			packageReferences = (
				D32A70F32BA214D000B4ECC9 /* XCRemoteSwiftPackageReference "SnapKit" */,
			);
			productRefGroup = D308B7BF2BA0DD4C0049C758 /* Products */;
			projectDirPath = "";
			projectRoot = "";
			targets = (
				D308B7BD2BA0DD4C0049C758 /* Varregular */,
			);
		};
/* End PBXProject section */

/* Begin PBXResourcesBuildPhase section */
		D308B7BC2BA0DD4C0049C758 /* Resources */ = {
			isa = PBXResourcesBuildPhase;
			buildActionMask = 2147483647;
			files = (
				D308B7CE2BA0DD4D0049C758 /* LaunchScreen.storyboard in Resources */,
				D32A70E92BA2084100B4ECC9 /* Localizable.strings in Resources */,
				D308B7CB2BA0DD4D0049C758 /* Assets.xcassets in Resources */,
			);
			runOnlyForDeploymentPostprocessing = 0;
		};
/* End PBXResourcesBuildPhase section */

/* Begin PBXSourcesBuildPhase section */
		D308B7BA2BA0DD4C0049C758 /* Sources */ = {
			isa = PBXSourcesBuildPhase;
			buildActionMask = 2147483647;
			files = (
				D32A70E32BA2079B00B4ECC9 /* String+Ex.swift in Sources */,
				D308B7C62BA0DD4C0049C758 /* HomeViewController.swift in Sources */,
				D32A70F02BA2106700B4ECC9 /* TrainViewController.swift in Sources */,
				D308B7C22BA0DD4C0049C758 /* AppDelegate.swift in Sources */,
				D32A70EE2BA2104000B4ECC9 /* SelectVerbsViewController.swift in Sources */,
			);
			runOnlyForDeploymentPostprocessing = 0;
		};
/* End PBXSourcesBuildPhase section */

/* Begin PBXVariantGroup section */
		D308B7CC2BA0DD4D0049C758 /* LaunchScreen.storyboard */ = {
			isa = PBXVariantGroup;
			children = (
				D308B7CD2BA0DD4D0049C758 /* Base */,
			);
			name = LaunchScreen.storyboard;
			sourceTree = "<group>";
		};
		D32A70EB2BA2084100B4ECC9 /* Localizable.strings */ = {
			isa = PBXVariantGroup;
			children = (
				D32A70EA2BA2084100B4ECC9 /* en */,
				D32A70EC2BA2087900B4ECC9 /* ru */,
			);
			name = Localizable.strings;
			sourceTree = "<group>";
		};
/* End PBXVariantGroup section */

/* Begin XCBuildConfiguration section */
		D308B7D02BA0DD4D0049C758 /* Debug */ = {
			isa = XCBuildConfiguration;
			buildSettings = {
				ALWAYS_SEARCH_USER_PATHS = NO;
				ASSETCATALOG_COMPILER_GENERATE_SWIFT_ASSET_SYMBOL_EXTENSIONS = YES;
				CLANG_ANALYZER_LOCALIZABILITY_NONLOCALIZED = YES;
				CLANG_ANALYZER_NONNULL = YES;
				CLANG_ANALYZER_NUMBER_OBJECT_CONVERSION = YES_AGGRESSIVE;
				CLANG_CXX_LANGUAGE_STANDARD = "gnu++20";
				CLANG_ENABLE_MODULES = YES;
				CLANG_ENABLE_OBJC_ARC = YES;
				CLANG_ENABLE_OBJC_WEAK = YES;
				CLANG_WARN_BLOCK_CAPTURE_AUTORELEASING = YES;
				CLANG_WARN_BOOL_CONVERSION = YES;
				CLANG_WARN_COMMA = YES;
				CLANG_WARN_CONSTANT_CONVERSION = YES;
				CLANG_WARN_DEPRECATED_OBJC_IMPLEMENTATIONS = YES;
				CLANG_WARN_DIRECT_OBJC_ISA_USAGE = YES_ERROR;
				CLANG_WARN_DOCUMENTATION_COMMENTS = YES;
				CLANG_WARN_EMPTY_BODY = YES;
				CLANG_WARN_ENUM_CONVERSION = YES;
				CLANG_WARN_INFINITE_RECURSION = YES;
				CLANG_WARN_INT_CONVERSION = YES;
				CLANG_WARN_NON_LITERAL_NULL_CONVERSION = YES;
				CLANG_WARN_OBJC_IMPLICIT_RETAIN_SELF = YES;
				CLANG_WARN_OBJC_LITERAL_CONVERSION = YES;
				CLANG_WARN_OBJC_ROOT_CLASS = YES_ERROR;
				CLANG_WARN_QUOTED_INCLUDE_IN_FRAMEWORK_HEADER = YES;
				CLANG_WARN_RANGE_LOOP_ANALYSIS = YES;
				CLANG_WARN_STRICT_PROTOTYPES = YES;
				CLANG_WARN_SUSPICIOUS_MOVE = YES;
				CLANG_WARN_UNGUARDED_AVAILABILITY = YES_AGGRESSIVE;
				CLANG_WARN_UNREACHABLE_CODE = YES;
				CLANG_WARN__DUPLICATE_METHOD_MATCH = YES;
				COPY_PHASE_STRIP = NO;
				DEBUG_INFORMATION_FORMAT = dwarf;
				ENABLE_STRICT_OBJC_MSGSEND = YES;
				ENABLE_TESTABILITY = YES;
				ENABLE_USER_SCRIPT_SANDBOXING = YES;
				GCC_C_LANGUAGE_STANDARD = gnu17;
				GCC_DYNAMIC_NO_PIC = NO;
				GCC_NO_COMMON_BLOCKS = YES;
				GCC_OPTIMIZATION_LEVEL = 0;
				GCC_PREPROCESSOR_DEFINITIONS = (
					"DEBUG=1",
					"$(inherited)",
				);
				GCC_WARN_64_TO_32_BIT_CONVERSION = YES;
				GCC_WARN_ABOUT_RETURN_TYPE = YES_ERROR;
				GCC_WARN_UNDECLARED_SELECTOR = YES;
				GCC_WARN_UNINITIALIZED_AUTOS = YES_AGGRESSIVE;
				GCC_WARN_UNUSED_FUNCTION = YES;
				GCC_WARN_UNUSED_VARIABLE = YES;
				IPHONEOS_DEPLOYMENT_TARGET = 17.2;
				LOCALIZATION_PREFERS_STRING_CATALOGS = YES;
				MTL_ENABLE_DEBUG_INFO = INCLUDE_SOURCE;
				MTL_FAST_MATH = YES;
				ONLY_ACTIVE_ARCH = YES;
				SDKROOT = iphoneos;
				SWIFT_ACTIVE_COMPILATION_CONDITIONS = "DEBUG $(inherited)";
				SWIFT_OPTIMIZATION_LEVEL = "-Onone";
			};
			name = Debug;
		};
		D308B7D12BA0DD4D0049C758 /* Release */ = {
			isa = XCBuildConfiguration;
			buildSettings = {
				ALWAYS_SEARCH_USER_PATHS = NO;
				ASSETCATALOG_COMPILER_GENERATE_SWIFT_ASSET_SYMBOL_EXTENSIONS = YES;
				CLANG_ANALYZER_LOCALIZABILITY_NONLOCALIZED = YES;
				CLANG_ANALYZER_NONNULL = YES;
				CLANG_ANALYZER_NUMBER_OBJECT_CONVERSION = YES_AGGRESSIVE;
				CLANG_CXX_LANGUAGE_STANDARD = "gnu++20";
				CLANG_ENABLE_MODULES = YES;
				CLANG_ENABLE_OBJC_ARC = YES;
				CLANG_ENABLE_OBJC_WEAK = YES;
				CLANG_WARN_BLOCK_CAPTURE_AUTORELEASING = YES;
				CLANG_WARN_BOOL_CONVERSION = YES;
				CLANG_WARN_COMMA = YES;
				CLANG_WARN_CONSTANT_CONVERSION = YES;
				CLANG_WARN_DEPRECATED_OBJC_IMPLEMENTATIONS = YES;
				CLANG_WARN_DIRECT_OBJC_ISA_USAGE = YES_ERROR;
				CLANG_WARN_DOCUMENTATION_COMMENTS = YES;
				CLANG_WARN_EMPTY_BODY = YES;
				CLANG_WARN_ENUM_CONVERSION = YES;
				CLANG_WARN_INFINITE_RECURSION = YES;
				CLANG_WARN_INT_CONVERSION = YES;
				CLANG_WARN_NON_LITERAL_NULL_CONVERSION = YES;
				CLANG_WARN_OBJC_IMPLICIT_RETAIN_SELF = YES;
				CLANG_WARN_OBJC_LITERAL_CONVERSION = YES;
				CLANG_WARN_OBJC_ROOT_CLASS = YES_ERROR;
				CLANG_WARN_QUOTED_INCLUDE_IN_FRAMEWORK_HEADER = YES;
				CLANG_WARN_RANGE_LOOP_ANALYSIS = YES;
				CLANG_WARN_STRICT_PROTOTYPES = YES;
				CLANG_WARN_SUSPICIOUS_MOVE = YES;
				CLANG_WARN_UNGUARDED_AVAILABILITY = YES_AGGRESSIVE;
				CLANG_WARN_UNREACHABLE_CODE = YES;
				CLANG_WARN__DUPLICATE_METHOD_MATCH = YES;
				COPY_PHASE_STRIP = NO;
				DEBUG_INFORMATION_FORMAT = "dwarf-with-dsym";
				ENABLE_NS_ASSERTIONS = NO;
				ENABLE_STRICT_OBJC_MSGSEND = YES;
				ENABLE_USER_SCRIPT_SANDBOXING = YES;
				GCC_C_LANGUAGE_STANDARD = gnu17;
				GCC_NO_COMMON_BLOCKS = YES;
				GCC_WARN_64_TO_32_BIT_CONVERSION = YES;
				GCC_WARN_ABOUT_RETURN_TYPE = YES_ERROR;
				GCC_WARN_UNDECLARED_SELECTOR = YES;
				GCC_WARN_UNINITIALIZED_AUTOS = YES_AGGRESSIVE;
				GCC_WARN_UNUSED_FUNCTION = YES;
				GCC_WARN_UNUSED_VARIABLE = YES;
				IPHONEOS_DEPLOYMENT_TARGET = 17.2;
				LOCALIZATION_PREFERS_STRING_CATALOGS = YES;
				MTL_ENABLE_DEBUG_INFO = NO;
				MTL_FAST_MATH = YES;
				SDKROOT = iphoneos;
				SWIFT_COMPILATION_MODE = wholemodule;
				VALIDATE_PRODUCT = YES;
			};
			name = Release;
		};
		D308B7D32BA0DD4D0049C758 /* Debug */ = {
			isa = XCBuildConfiguration;
			buildSettings = {
				ASSETCATALOG_COMPILER_APPICON_NAME = AppIcon;
				ASSETCATALOG_COMPILER_GLOBAL_ACCENT_COLOR_NAME = AccentColor;
				CODE_SIGN_STYLE = Automatic;
				CURRENT_PROJECT_VERSION = 1;
				GENERATE_INFOPLIST_FILE = YES;
				INFOPLIST_FILE = Varregular/Info.plist;
				INFOPLIST_KEY_UIApplicationSupportsIndirectInputEvents = YES;
				INFOPLIST_KEY_UILaunchStoryboardName = LaunchScreen;
				INFOPLIST_KEY_UIStatusBarStyle = "";
				INFOPLIST_KEY_UISupportedInterfaceOrientations = UIInterfaceOrientationPortrait;
				INFOPLIST_KEY_UISupportedInterfaceOrientations_iPad = "UIInterfaceOrientationLandscapeLeft UIInterfaceOrientationLandscapeRight UIInterfaceOrientationPortrait UIInterfaceOrientationPortraitUpsideDown";
				IPHONEOS_DEPLOYMENT_TARGET = 17.2;
				LD_RUNPATH_SEARCH_PATHS = (
					"$(inherited)",
					"@executable_path/Frameworks",
				);
				MARKETING_VERSION = 1.0;
				PRODUCT_BUNDLE_IDENTIFIER = org.balandzin.Varregular;
				PRODUCT_NAME = "$(TARGET_NAME)";
				SUPPORTED_PLATFORMS = "iphoneos iphonesimulator";
				SUPPORTS_MACCATALYST = NO;
				SUPPORTS_MAC_DESIGNED_FOR_IPHONE_IPAD = NO;
				SWIFT_EMIT_LOC_STRINGS = YES;
				SWIFT_VERSION = 5.0;
				TARGETED_DEVICE_FAMILY = "1,2";
			};
			name = Debug;
		};
		D308B7D42BA0DD4D0049C758 /* Release */ = {
			isa = XCBuildConfiguration;
			buildSettings = {
				ASSETCATALOG_COMPILER_APPICON_NAME = AppIcon;
				ASSETCATALOG_COMPILER_GLOBAL_ACCENT_COLOR_NAME = AccentColor;
				CODE_SIGN_STYLE = Automatic;
				CURRENT_PROJECT_VERSION = 1;
				GENERATE_INFOPLIST_FILE = YES;
				INFOPLIST_FILE = Varregular/Info.plist;
				INFOPLIST_KEY_UIApplicationSupportsIndirectInputEvents = YES;
				INFOPLIST_KEY_UILaunchStoryboardName = LaunchScreen;
				INFOPLIST_KEY_UIStatusBarStyle = "";
				INFOPLIST_KEY_UISupportedInterfaceOrientations = UIInterfaceOrientationPortrait;
				INFOPLIST_KEY_UISupportedInterfaceOrientations_iPad = "UIInterfaceOrientationLandscapeLeft UIInterfaceOrientationLandscapeRight UIInterfaceOrientationPortrait UIInterfaceOrientationPortraitUpsideDown";
				IPHONEOS_DEPLOYMENT_TARGET = 17.2;
				LD_RUNPATH_SEARCH_PATHS = (
					"$(inherited)",
					"@executable_path/Frameworks",
				);
				MARKETING_VERSION = 1.0;
				PRODUCT_BUNDLE_IDENTIFIER = org.balandzin.Varregular;
				PRODUCT_NAME = "$(TARGET_NAME)";
				SUPPORTED_PLATFORMS = "iphoneos iphonesimulator";
				SUPPORTS_MACCATALYST = NO;
				SUPPORTS_MAC_DESIGNED_FOR_IPHONE_IPAD = NO;
				SWIFT_EMIT_LOC_STRINGS = YES;
				SWIFT_VERSION = 5.0;
				TARGETED_DEVICE_FAMILY = "1,2";
			};
			name = Release;
		};
/* End XCBuildConfiguration section */

/* Begin XCConfigurationList section */
		D308B7B92BA0DD4C0049C758 /* Build configuration list for PBXProject "Varregular" */ = {
			isa = XCConfigurationList;
			buildConfigurations = (
				D308B7D02BA0DD4D0049C758 /* Debug */,
				D308B7D12BA0DD4D0049C758 /* Release */,
			);
			defaultConfigurationIsVisible = 0;
			defaultConfigurationName = Release;
		};
		D308B7D22BA0DD4D0049C758 /* Build configuration list for PBXNativeTarget "Varregular" */ = {
			isa = XCConfigurationList;
			buildConfigurations = (
				D308B7D32BA0DD4D0049C758 /* Debug */,
				D308B7D42BA0DD4D0049C758 /* Release */,
			);
			defaultConfigurationIsVisible = 0;
			defaultConfigurationName = Release;
		};
/* End XCConfigurationList section */

/* Begin XCRemoteSwiftPackageReference section */
		D32A70F32BA214D000B4ECC9 /* XCRemoteSwiftPackageReference "SnapKit" */ = {
			isa = XCRemoteSwiftPackageReference;
			repositoryURL = "https://github.com/SnapKit/SnapKit.git";
			requirement = {
				kind = upToNextMajorVersion;
				minimumVersion = 5.7.1;
			};
		};
/* End XCRemoteSwiftPackageReference section */

/* Begin XCSwiftPackageProductDependency section */
		D32A70F42BA214D000B4ECC9 /* SnapKit */ = {
			isa = XCSwiftPackageProductDependency;
			package = D32A70F32BA214D000B4ECC9 /* XCRemoteSwiftPackageReference "SnapKit" */;
			productName = SnapKit;
		};
		D32A70F62BA214D000B4ECC9 /* SnapKit-Dynamic */ = {
			isa = XCSwiftPackageProductDependency;
			package = D32A70F32BA214D000B4ECC9 /* XCRemoteSwiftPackageReference "SnapKit" */;
			productName = "SnapKit-Dynamic";
		};
/* End XCSwiftPackageProductDependency section */
	};
	rootObject = D308B7B62BA0DD4C0049C758 /* Project object */;
}
